
Microsoft Visual Studio Solution File, Format Version 12.00
# Visual Studio Version 17
VisualStudioVersion = 17.5.002.0
MinimumVisualStudioVersion = 10.0.40219.1
Project("{9A19103F-16F7-4668-BE54-9A1E7A4F7556}") = "WEEK1", "WEEK1\WEEK1.csproj", "{75CDAF76-88AE-4912-B89A-4D1551B3B98A}"
EndProject
Project("{9A19103F-16F7-4668-BE54-9A1E7A4F7556}") = "WEEK2", "WEEK2\WEEK2.csproj", "{8212CF2B-E1CF-4EEE-B902-680304C99BB9}"
EndProject
Project("{9A19103F-16F7-4668-BE54-9A1E7A4F7556}") = "WEEK3", "WEEK3\WEEK3.csproj", "{3484B828-6758-4C19-AE39-BE6251A7968F}"
EndProject
Project("{9A19103F-16F7-4668-BE54-9A1E7A4F7556}") = "WEEK4", "WEEK4\WEEK4.csproj", "{0637E7E3-B71B-48FF-93B5-83E9BECD6B9E}"
EndProject
Project("{9A19103F-16F7-4668-BE54-9A1E7A4F7556}") = "WEEK5", "WEEK5\WEEK5.csproj", "{E203E84E-B327-4933-B67F-C88AE01651B2}"
EndProject
Project("{9A19103F-16F7-4668-BE54-9A1E7A4F7556}") = "WEEK6", "WEEK6\WEEK6.csproj", "{42C06D3C-6394-4FBC-84F8-CBC1A284E476}"
EndProject
Project("{9A19103F-16F7-4668-BE54-9A1E7A4F7556}") = "midterm", "WEEK7 midterm\midterm.csproj", "{401C4018-A565-4635-BE00-08AA6831609C}"
EndProject
Project("{9A19103F-16F7-4668-BE54-9A1E7A4F7556}") = "WEEK8", "WEEK8\WEEK8.csproj", "{FE535BEB-F73A-4AD2-AF57-5C06A152CE62}"
EndProject
Project("{2150E333-8FDC-42A3-9474-1A3956D46DE8}") = "A", "A", "{073606BD-3098-4F48-B35E-80E005EA213E}"
EndProject
Project("{9A19103F-16F7-4668-BE54-9A1E7A4F7556}") = "A1", "A\A1\A1.csproj", "{4E319ADA-5993-473D-ADD0-5D48AF8C2A20}"
EndProject
Project("{9A19103F-16F7-4668-BE54-9A1E7A4F7556}") = "A2", "A\A2\A2.csproj", "{8BBE5DCB-2212-49F3-9A03-7606C590BA30}"
EndProject
Project("{9A19103F-16F7-4668-BE54-9A1E7A4F7556}") = "A2NewTest", "A\A2NewTest\A2NewTest.csproj", "{360EBE38-CC31-4616-B024-F3E02D7E4596}"
EndProject
Project("{2150E333-8FDC-42A3-9474-1A3956D46DE8}") = "ClassTask", "ClassTask", "{23E9485B-6209-421B-8852-461E1CE9C104}"
EndProject
Project("{9A19103F-16F7-4668-BE54-9A1E7A4F7556}") = "T1", "ClassTask\T1\T1.csproj", "{88A96C1E-7824-40D7-A2F4-0D9361B1866B}"
EndProject
Project("{9A19103F-16F7-4668-BE54-9A1E7A4F7556}") = "T2", "ClassTask\T2\T2.csproj", "{B5138405-B8E2-4696-943D-C4451904E098}"
EndProject
Project("{2150E333-8FDC-42A3-9474-1A3956D46DE8}") = "Team", "Team", "{9136390B-EF75-466D-B212-B8D54B4426FD}"
EndProject
Project("{9A19103F-16F7-4668-BE54-9A1E7A4F7556}") = "Team", "Team\Team1\Team.csproj", "{0AE0D4A0-C031-49D6-8E68-EA3CC213A100}"
EndProject
Project("{9A19103F-16F7-4668-BE54-9A1E7A4F7556}") = "Team2", "Team\Team2\Team2.csproj", "{9596911D-EA57-4EA7-B790-482DF2F4798E}"
EndProject
Project("{2150E333-8FDC-42A3-9474-1A3956D46DE8}") = "A2 (1)", "A2", "{DB5B8C4E-92D4-4994-AF36-8C7CDF0D8F7D}"
EndProject
Project("{9A19103F-16F7-4668-BE54-9A1E7A4F7556}") = "A2new", "A\A2\A2new\A2new.csproj", "{3DF3D783-9A62-4C68-910A-BBA020382C24}"
EndProject
Global
	GlobalSection(SolutionConfigurationPlatforms) = preSolution
		Debug|Any CPU = Debug|Any CPU
		Release|Any CPU = Release|Any CPU
	EndGlobalSection
	GlobalSection(ProjectConfigurationPlatforms) = postSolution
		{75CDAF76-88AE-4912-B89A-4D1551B3B98A}.Debug|Any CPU.ActiveCfg = Debug|Any CPU
		{75CDAF76-88AE-4912-B89A-4D1551B3B98A}.Debug|Any CPU.Build.0 = Debug|Any CPU
		{75CDAF76-88AE-4912-B89A-4D1551B3B98A}.Release|Any CPU.ActiveCfg = Release|Any CPU
		{75CDAF76-88AE-4912-B89A-4D1551B3B98A}.Release|Any CPU.Build.0 = Release|Any CPU
		{8212CF2B-E1CF-4EEE-B902-680304C99BB9}.Debug|Any CPU.ActiveCfg = Debug|Any CPU
		{8212CF2B-E1CF-4EEE-B902-680304C99BB9}.Debug|Any CPU.Build.0 = Debug|Any CPU
		{8212CF2B-E1CF-4EEE-B902-680304C99BB9}.Release|Any CPU.ActiveCfg = Release|Any CPU
		{8212CF2B-E1CF-4EEE-B902-680304C99BB9}.Release|Any CPU.Build.0 = Release|Any CPU
		{3484B828-6758-4C19-AE39-BE6251A7968F}.Debug|Any CPU.ActiveCfg = Debug|Any CPU
		{3484B828-6758-4C19-AE39-BE6251A7968F}.Debug|Any CPU.Build.0 = Debug|Any CPU
		{3484B828-6758-4C19-AE39-BE6251A7968F}.Release|Any CPU.ActiveCfg = Release|Any CPU
		{3484B828-6758-4C19-AE39-BE6251A7968F}.Release|Any CPU.Build.0 = Release|Any CPU
		{0637E7E3-B71B-48FF-93B5-83E9BECD6B9E}.Debug|Any CPU.ActiveCfg = Debug|Any CPU
		{0637E7E3-B71B-48FF-93B5-83E9BECD6B9E}.Debug|Any CPU.Build.0 = Debug|Any CPU
		{0637E7E3-B71B-48FF-93B5-83E9BECD6B9E}.Release|Any CPU.ActiveCfg = Release|Any CPU
		{0637E7E3-B71B-48FF-93B5-83E9BECD6B9E}.Release|Any CPU.Build.0 = Release|Any CPU
		{E203E84E-B327-4933-B67F-C88AE01651B2}.Debug|Any CPU.ActiveCfg = Debug|Any CPU
		{E203E84E-B327-4933-B67F-C88AE01651B2}.Debug|Any CPU.Build.0 = Debug|Any CPU
		{E203E84E-B327-4933-B67F-C88AE01651B2}.Release|Any CPU.ActiveCfg = Release|Any CPU
		{E203E84E-B327-4933-B67F-C88AE01651B2}.Release|Any CPU.Build.0 = Release|Any CPU
		{42C06D3C-6394-4FBC-84F8-CBC1A284E476}.Debug|Any CPU.ActiveCfg = Debug|Any CPU
		{42C06D3C-6394-4FBC-84F8-CBC1A284E476}.Debug|Any CPU.Build.0 = Debug|Any CPU
		{42C06D3C-6394-4FBC-84F8-CBC1A284E476}.Release|Any CPU.ActiveCfg = Release|Any CPU
		{42C06D3C-6394-4FBC-84F8-CBC1A284E476}.Release|Any CPU.Build.0 = Release|Any CPU
		{401C4018-A565-4635-BE00-08AA6831609C}.Debug|Any CPU.ActiveCfg = Debug|Any CPU
		{401C4018-A565-4635-BE00-08AA6831609C}.Debug|Any CPU.Build.0 = Debug|Any CPU
		{401C4018-A565-4635-BE00-08AA6831609C}.Release|Any CPU.ActiveCfg = Release|Any CPU
		{401C4018-A565-4635-BE00-08AA6831609C}.Release|Any CPU.Build.0 = Release|Any CPU
		{FE535BEB-F73A-4AD2-AF57-5C06A152CE62}.Debug|Any CPU.ActiveCfg = Debug|Any CPU
		{FE535BEB-F73A-4AD2-AF57-5C06A152CE62}.Debug|Any CPU.Build.0 = Debug|Any CPU
		{FE535BEB-F73A-4AD2-AF57-5C06A152CE62}.Release|Any CPU.ActiveCfg = Release|Any CPU
		{FE535BEB-F73A-4AD2-AF57-5C06A152CE62}.Release|Any CPU.Build.0 = Release|Any CPU
		{4E319ADA-5993-473D-ADD0-5D48AF8C2A20}.Debug|Any CPU.ActiveCfg = Debug|Any CPU
		{4E319ADA-5993-473D-ADD0-5D48AF8C2A20}.Debug|Any CPU.Build.0 = Debug|Any CPU
		{4E319ADA-5993-473D-ADD0-5D48AF8C2A20}.Release|Any CPU.ActiveCfg = Release|Any CPU
		{4E319ADA-5993-473D-ADD0-5D48AF8C2A20}.Release|Any CPU.Build.0 = Release|Any CPU
		{8BBE5DCB-2212-49F3-9A03-7606C590BA30}.Debug|Any CPU.ActiveCfg = Debug|Any CPU
		{8BBE5DCB-2212-49F3-9A03-7606C590BA30}.Debug|Any CPU.Build.0 = Debug|Any CPU
		{8BBE5DCB-2212-49F3-9A03-7606C590BA30}.Release|Any CPU.ActiveCfg = Release|Any CPU
		{8BBE5DCB-2212-49F3-9A03-7606C590BA30}.Release|Any CPU.Build.0 = Release|Any CPU
		{360EBE38-CC31-4616-B024-F3E02D7E4596}.Debug|Any CPU.ActiveCfg = Debug|Any CPU
		{360EBE38-CC31-4616-B024-F3E02D7E4596}.Debug|Any CPU.Build.0 = Debug|Any CPU
		{360EBE38-CC31-4616-B024-F3E02D7E4596}.Release|Any CPU.ActiveCfg = Release|Any CPU
		{360EBE38-CC31-4616-B024-F3E02D7E4596}.Release|Any CPU.Build.0 = Release|Any CPU
		{88A96C1E-7824-40D7-A2F4-0D9361B1866B}.Debug|Any CPU.ActiveCfg = Debug|Any CPU
		{88A96C1E-7824-40D7-A2F4-0D9361B1866B}.Debug|Any CPU.Build.0 = Debug|Any CPU
		{88A96C1E-7824-40D7-A2F4-0D9361B1866B}.Release|Any CPU.ActiveCfg = Release|Any CPU
		{88A96C1E-7824-40D7-A2F4-0D9361B1866B}.Release|Any CPU.Build.0 = Release|Any CPU
		{B5138405-B8E2-4696-943D-C4451904E098}.Debug|Any CPU.ActiveCfg = Debug|Any CPU
		{B5138405-B8E2-4696-943D-C4451904E098}.Debug|Any CPU.Build.0 = Debug|Any CPU
		{B5138405-B8E2-4696-943D-C4451904E098}.Release|Any CPU.ActiveCfg = Release|Any CPU
		{B5138405-B8E2-4696-943D-C4451904E098}.Release|Any CPU.Build.0 = Release|Any CPU
		{0AE0D4A0-C031-49D6-8E68-EA3CC213A100}.Debug|Any CPU.ActiveCfg = Debug|Any CPU
		{0AE0D4A0-C031-49D6-8E68-EA3CC213A100}.Debug|Any CPU.Build.0 = Debug|Any CPU
		{0AE0D4A0-C031-49D6-8E68-EA3CC213A100}.Release|Any CPU.ActiveCfg = Release|Any CPU
		{0AE0D4A0-C031-49D6-8E68-EA3CC213A100}.Release|Any CPU.Build.0 = Release|Any CPU
		{9596911D-EA57-4EA7-B790-482DF2F4798E}.Debug|Any CPU.ActiveCfg = Debug|Any CPU
		{9596911D-EA57-4EA7-B790-482DF2F4798E}.Debug|Any CPU.Build.0 = Debug|Any CPU
		{9596911D-EA57-4EA7-B790-482DF2F4798E}.Release|Any CPU.ActiveCfg = Release|Any CPU
		{9596911D-EA57-4EA7-B790-482DF2F4798E}.Release|Any CPU.Build.0 = Release|Any CPU
		{3DF3D783-9A62-4C68-910A-BBA020382C24}.Debug|Any CPU.ActiveCfg = Debug|Any CPU
		{3DF3D783-9A62-4C68-910A-BBA020382C24}.Debug|Any CPU.Build.0 = Debug|Any CPU
		{3DF3D783-9A62-4C68-910A-BBA020382C24}.Release|Any CPU.ActiveCfg = Release|Any CPU
		{3DF3D783-9A62-4C68-910A-BBA020382C24}.Release|Any CPU.Build.0 = Release|Any CPU
	EndGlobalSection
	GlobalSection(SolutionProperties) = preSolution
		HideSolutionNode = FALSE
	EndGlobalSection
	GlobalSection(NestedProjects) = preSolution
		{4E319ADA-5993-473D-ADD0-5D48AF8C2A20} = {073606BD-3098-4F48-B35E-80E005EA213E}
		{8BBE5DCB-2212-49F3-9A03-7606C590BA30} = {073606BD-3098-4F48-B35E-80E005EA213E}
		{360EBE38-CC31-4616-B024-F3E02D7E4596} = {073606BD-3098-4F48-B35E-80E005EA213E}
		{88A96C1E-7824-40D7-A2F4-0D9361B1866B} = {23E9485B-6209-421B-8852-461E1CE9C104}
		{B5138405-B8E2-4696-943D-C4451904E098} = {23E9485B-6209-421B-8852-461E1CE9C104}
		{0AE0D4A0-C031-49D6-8E68-EA3CC213A100} = {9136390B-EF75-466D-B212-B8D54B4426FD}
		{9596911D-EA57-4EA7-B790-482DF2F4798E} = {9136390B-EF75-466D-B212-B8D54B4426FD}
		{DB5B8C4E-92D4-4994-AF36-8C7CDF0D8F7D} = {073606BD-3098-4F48-B35E-80E005EA213E}
		{3DF3D783-9A62-4C68-910A-BBA020382C24} = {DB5B8C4E-92D4-4994-AF36-8C7CDF0D8F7D}
	EndGlobalSection
	GlobalSection(ExtensibilityGlobals) = postSolution
		SolutionGuid = {956B32E6-CF53-4062-8C29-1AC099A7BC6A}
	EndGlobalSection
EndGlobal
